{"is_source_file": false, "format": "", "description": "", "external_files": [], "external_methods": [], "published": [], "classes": [], "methods": [], "calls": [], "search-terms": [], "state": 2, "file_id": 18, "knowledge_revision": 37, "git_revision": "4c90c12a96e3df598ddc0fcc13cfa3cd80d661a1", "filename": "/home/kavia/workspace/code-generation/piggyhabit-22956-a5555c11/piggyhabit/post_process_status.lock", "hash": "e9b4c3b42cef0193b7fddb548d37e652", "format-version": 4, "code-base-name": "default", "revision_history": [{"37": "4c90c12a96e3df598ddc0fcc13cfa3cd80d661a1"}]}