{"is_source_file": false, "format": "", "description": "", "external_files": [], "external_methods": [], "published": [], "classes": [], "methods": [], "calls": [], "search-terms": ["post_process_status.lock", "SUCCESS"], "state": 2, "file_id": 18, "knowledge_revision": 37, "git_revision": "fddcea14910ca1ee32f363401a3373096634de71", "filename": "/home/kavia/workspace/code-generation/piggyhabit-22956-a5555c11/piggyhabit/post_process_status.lock", "hash": "e9b4c3b42cef0193b7fddb548d37e652", "format-version": 4, "code-base-name": "default", "revision_history": [{"37": "fddcea14910ca1ee32f363401a3373096634de71"}]}